// !$*UTF8*$!
{
	archiveVersion = 1;
	classes = {
	};
	objectVersion = 46;
	objects = {

/* Begin PBXBuildFile section */
		977CE3641EE5EDDC00DC73DC /* AppDelegate.swift in Sources */ = {isa = PBXBuildFile; fileRef = 977CE3631EE5EDDC00DC73DC /* AppDelegate.swift */; };
		977CE3661EE5EDDC00DC73DC /* ViewController.swift in Sources */ = {isa = PBXBuildFile; fileRef = 977CE3651EE5EDDC00DC73DC /* ViewController.swift */; };
		977CE3691EE5EDDC00DC73DC /* Main.storyboard in Resources */ = {isa = PBXBuildFile; fileRef = 977CE3671EE5EDDC00DC73DC /* Main.storyboard */; };
		977CE36B1EE5EDDC00DC73DC /* Assets.xcassets in Resources */ = {isa = PBXBuildFile; fileRef = 977CE36A1EE5EDDC00DC73DC /* Assets.xcassets */; };
		977CE36E1EE5EDDC00DC73DC /* LaunchScreen.storyboard in Resources */ = {isa = PBXBuildFile; fileRef = 977CE36C1EE5EDDC00DC73DC /* LaunchScreen.storyboard */; };
/* End PBXBuildFile section */

/* Begin PBXFileReference section */
		977CE3601EE5EDDC00DC73DC /* DUI Instant Attorney.app */ = {isa = PBXFileReference; explicitFileType = wrapper.application; includeInIndex = 0; path = "DUI Instant Attorney.app"; sourceTree = BUILT_PRODUCTS_DIR; };
		977CE3631EE5EDDC00DC73DC /* AppDelegate.swift */ = {isa = PBXFileReference; lastKnownFileType = sourcecode.swift; path = AppDelegate.swift; sourceTree = "<group>"; };
		977CE3651EE5EDDC00DC73DC /* ViewController.swift */ = {isa = PBXFileReference; lastKnownFileType = sourcecode.swift; path = ViewController.swift; sourceTree = "<group>"; };
		977CE3681EE5EDDC00DC73DC /* Base */ = {isa = PBXFileReference; lastKnownFileType = file.storyboard; name = Base; path = Base.lproj/Main.storyboard; sourceTree = "<group>"; };
		977CE36A1EE5EDDC00DC73DC /* Assets.xcassets */ = {isa = PBXFileReference; lastKnownFileType = folder.assetcatalog; path = Assets.xcassets; sourceTree = "<group>"; };
		977CE36D1EE5EDDC00DC73DC /* Base */ = {isa = PBXFileReference; lastKnownFileType = file.storyboard; name = Base; path = Base.lproj/LaunchScreen.storyboard; sourceTree = "<group>"; };
		977CE36F1EE5EDDC00DC73DC /* Info.plist */ = {isa = PBXFileReference; lastKnownFileType = text.plist.xml; path = Info.plist; sourceTree = "<group>"; };
/* End PBXFileReference section */

/* Begin PBXFrameworksBuildPhase section */
		977CE35D1EE5EDDC00DC73DC /* Frameworks */ = {
			isa = PBXFrameworksBuildPhase;
			buildActionMask = 2147483647;
			files = (
			);
			runOnlyForDeploymentPostprocessing = 0;
		};
/* End PBXFrameworksBuildPhase section */

/* Begin PBXGroup section */
		977CE3571EE5EDDC00DC73DC = {
			isa = PBXGroup;
			children = (
				977CE3621EE5EDDC00DC73DC /* DUI Instant Attorney */,
				977CE3611EE5EDDC00DC73DC /* Products */,
			);
			sourceTree = "<group>";
		};
		977CE3611EE5EDDC00DC73DC /* Products */ = {
			isa = PBXGroup;
			children = (
				977CE3601EE5EDDC00DC73DC /* DUI Instant Attorney.app */,
			);
			name = Products;
			sourceTree = "<group>";
		};
		977CE3621EE5EDDC00DC73DC /* DUI Instant Attorney */ = {
			isa = PBXGroup;
			children = (
				977CE3631EE5EDDC00DC73DC /* AppDelegate.swift */,
				977CE3651EE5EDDC00DC73DC /* ViewController.swift */,
				977CE3671EE5EDDC00DC73DC /* Main.storyboard */,
				977CE36A1EE5EDDC00DC73DC /* Assets.xcassets */,
				977CE36C1EE5EDDC00DC73DC /* LaunchScreen.storyboard */,
				977CE36F1EE5EDDC00DC73DC /* Info.plist */,
			);
			path = "DUI Instant Attorney";
			sourceTree = "<group>";
		};
/* End PBXGroup section */

/* Begin PBXNativeTarget section */
		977CE35F1EE5EDDC00DC73DC /* DUI Instant Attorney */ = {
			isa = PBXNativeTarget;
			buildConfigurationList = 977CE3721EE5EDDC00DC73DC /* Build configuration list for PBXNativeTarget "DUI Instant Attorney" */;
			buildPhases = (
				977CE35C1EE5EDDC00DC73DC /* Sources */,
				977CE35D1EE5EDDC00DC73DC /* Frameworks */,
				977CE35E1EE5EDDC00DC73DC /* Resources */,
			);
			buildRules = (
			);
			dependencies = (
			);
			name = "DUI Instant Attorney";
			productName = "DUI Instant Attorney";
			productReference = 977CE3601EE5EDDC00DC73DC /* DUI Instant Attorney.app */;
			productType = "com.apple.product-type.application";
		};
/* End PBXNativeTarget section */

/* Begin PBXProject section */
		977CE3581EE5EDDC00DC73DC /* Project object */ = {
			isa = PBXProject;
			attributes = {
				LastSwiftUpdateCheck = 0830;
				LastUpgradeCheck = 0830;
				ORGANIZATIONNAME = "Balazs Benjamin";
				TargetAttributes = {
					977CE35F1EE5EDDC00DC73DC = {
						CreatedOnToolsVersion = 8.3.2;
						ProvisioningStyle = Automatic;
					};
				};
			};
			buildConfigurationList = 977CE35B1EE5EDDC00DC73DC /* Build configuration list for PBXProject "DUI Instant Attorney" */;
			compatibilityVersion = "Xcode 3.2";
			developmentRegion = English;
			hasScannedForEncodings = 0;
			knownRegions = (
				en,
				Base,
			);
			mainGroup = 977CE3571EE5EDDC00DC73DC;
			productRefGroup = 977CE3611EE5EDDC00DC73DC /* Products */;
			projectDirPath = "";
			projectRoot = "";
			targets = (
				977CE35F1EE5EDDC00DC73DC /* DUI Instant Attorney */,
			);
		};
/* End PBXProject section */

/* Begin PBXResourcesBuildPhase section */
		977CE35E1EE5EDDC00DC73DC /* Resources */ = {
			isa = PBXResourcesBuildPhase;
			buildActionMask = 2147483647;
			files = (
				977CE36E1EE5EDDC00DC73DC /* LaunchScreen.storyboard in Resources */,
				977CE36B1EE5EDDC00DC73DC /* Assets.xcassets in Resources */,
				977CE3691EE5EDDC00DC73DC /* Main.storyboard in Resources */,
			);
			runOnlyForDeploymentPostprocessing = 0;
		};
/* End PBXResourcesBuildPhase section */

/* Begin PBXSourcesBuildPhase section */
		977CE35C1EE5EDDC00DC73DC /* Sources */ = {
			isa = PBXSourcesBuildPhase;
			buildActionMask = 2147483647;
			files = (
				977CE3661EE5EDDC00DC73DC /* ViewController.swift in Sources */,
				977CE3641EE5EDDC00DC73DC /* AppDelegate.swift in Sources */,
			);
			runOnlyForDeploymentPostprocessing = 0;
		};
/* End PBXSourcesBuildPhase section */

/* Begin PBXVariantGroup section */
		977CE3671EE5EDDC00DC73DC /* Main.storyboard */ = {
			isa = PBXVariantGroup;
			children = (
				977CE3681EE5EDDC00DC73DC /* Base */,
			);
			name = Main.storyboard;
			sourceTree = "<group>";
		};
		977CE36C1EE5EDDC00DC73DC /* LaunchScreen.storyboard */ = {
			isa = PBXVariantGroup;
			children = (
				977CE36D1EE5EDDC00DC73DC /* Base */,
			);
			name = LaunchScreen.storyboard;
			sourceTree = "<group>";
		};
/* End PBXVariantGroup section */

/* Begin XCBuildConfiguration section */
		977CE3701EE5EDDC00DC73DC /* Debug */ = {
			isa = XCBuildConfiguration;
			buildSettings = {
				ALWAYS_SEARCH_USER_PATHS = NO;
				CLANG_ANALYZER_NONNULL = YES;
				CLANG_ANALYZER_NUMBER_OBJECT_CONVERSION = YES_AGGRESSIVE;
				CLANG_CXX_LANGUAGE_STANDARD = "gnu++0x";
				CLANG_CXX_LIBRARY = "libc++";
				CLANG_ENABLE_MODULES = YES;
				CLANG_ENABLE_OBJC_ARC = YES;
				CLANG_WARN_BOOL_CONVERSION = YES;
				CLANG_WARN_CONSTANT_CONVERSION = YES;
				CLANG_WARN_DIRECT_OBJC_ISA_USAGE = YES_ERROR;
				CLANG_WARN_DOCUMENTATION_COMMENTS = YES;
				CLANG_WARN_EMPTY_BODY = YES;
				CLANG_WARN_ENUM_CONVERSION = YES;
				CLANG_WARN_INFINITE_RECURSION = YES;
				CLANG_WARN_INT_CONVERSION = YES;
				CLANG_WARN_OBJC_ROOT_CLASS = YES_ERROR;
				CLANG_WARN_SUSPICIOUS_MOVE = YES;
				CLANG_WARN_UNREACHABLE_CODE = YES;
				CLANG_WARN__DUPLICATE_METHOD_MATCH = YES;
				"CODE_SIGN_IDENTITY[sdk=iphoneos*]" = "iPhone Developer";
				COPY_PHASE_STRIP = NO;
				DEBUG_INFORMATION_FORMAT = dwarf;
				ENABLE_STRICT_OBJC_MSGSEND = YES;
				ENABLE_TESTABILITY = YES;
				GCC_C_LANGUAGE_STANDARD = gnu99;
				GCC_DYNAMIC_NO_PIC = NO;
				GCC_NO_COMMON_BLOCKS = YES;
				GCC_OPTIMIZATION_LEVEL = 0;
				GCC_PREPROCESSOR_DEFINITIONS = (
					"DEBUG=1",
					"$(inherited)",
				);
				GCC_WARN_64_TO_32_BIT_CONVERSION = YES;
				GCC_WARN_ABOUT_RETURN_TYPE = YES_ERROR;
				GCC_WARN_UNDECLARED_SELECTOR = YES;
				GCC_WARN_UNINITIALIZED_AUTOS = YES_AGGRESSIVE;
				GCC_WARN_UNUSED_FUNCTION = YES;
				GCC_WARN_UNUSED_VARIABLE = YES;
				IPHONEOS_DEPLOYMENT_TARGET = 10.3;
				MTL_ENABLE_DEBUG_INFO = YES;
				ONLY_ACTIVE_ARCH = YES;
				SDKROOT = iphoneos;
				SWIFT_ACTIVE_COMPILATION_CONDITIONS = DEBUG;
				SWIFT_OPTIMIZATION_LEVEL = "-Onone";
				TARGETED_DEVICE_FAMILY = "1,2";
			};
			name = Debug;
		};
		977CE3711EE5EDDC00DC73DC /* Release */ = {
			isa = XCBuildConfiguration;
			buildSettings = {
				ALWAYS_SEARCH_USER_PATHS = NO;
				CLANG_ANALYZER_NONNULL = YES;
				CLANG_ANALYZER_NUMBER_OBJECT_CONVERSION = YES_AGGRESSIVE;
				CLANG_CXX_LANGUAGE_STANDARD = "gnu++0x";
				CLANG_CXX_LIBRARY = "libc++";
				CLANG_ENABLE_MODULES = YES;
				CLANG_ENABLE_OBJC_ARC = YES;
				CLANG_WARN_BOOL_CONVERSION = YES;
				CLANG_WARN_CONSTANT_CONVERSION = YES;
				CLANG_WARN_DIRECT_OBJC_ISA_USAGE = YES_ERROR;
				CLANG_WARN_DOCUMENTATION_COMMENTS = YES;
				CLANG_WARN_EMPTY_BODY = YES;
				CLANG_WARN_ENUM_CONVERSION = YES;
				CLANG_WARN_INFINITE_RECURSION = YES;
				CLANG_WARN_INT_CONVERSION = YES;
				CLANG_WARN_OBJC_ROOT_CLASS = YES_ERROR;
				CLANG_WARN_SUSPICIOUS_MOVE = YES;
				CLANG_WARN_UNREACHABLE_CODE = YES;
				CLANG_WARN__DUPLICATE_METHOD_MATCH = YES;
				"CODE_SIGN_IDENTITY[sdk=iphoneos*]" = "iPhone Developer";
				COPY_PHASE_STRIP = NO;
				DEBUG_INFORMATION_FORMAT = "dwarf-with-dsym";
				ENABLE_NS_ASSERTIONS = NO;
				ENABLE_STRICT_OBJC_MSGSEND = YES;
				GCC_C_LANGUAGE_STANDARD = gnu99;
				GCC_NO_COMMON_BLOCKS = YES;
				GCC_WARN_64_TO_32_BIT_CONVERSION = YES;
				GCC_WARN_ABOUT_RETURN_TYPE = YES_ERROR;
				GCC_WARN_UNDECLARED_SELECTOR = YES;
				GCC_WARN_UNINITIALIZED_AUTOS = YES_AGGRESSIVE;
				GCC_WARN_UNUSED_FUNCTION = YES;
				GCC_WARN_UNUSED_VARIABLE = YES;
				IPHONEOS_DEPLOYMENT_TARGET = 10.3;
				MTL_ENABLE_DEBUG_INFO = NO;
				SDKROOT = iphoneos;
				SWIFT_OPTIMIZATION_LEVEL = "-Owholemodule";
				TARGETED_DEVICE_FAMILY = "1,2";
				VALIDATE_PRODUCT = YES;
			};
			name = Release;
		};
		977CE3731EE5EDDC00DC73DC /* Debug */ = {
			isa = XCBuildConfiguration;
			buildSettings = {
				ASSETCATALOG_COMPILER_APPICON_NAME = AppIcon;
				INFOPLIST_FILE = "DUI Instant Attorney/Info.plist";
				LD_RUNPATH_SEARCH_PATHS = "$(inherited) @executable_path/Frameworks";
				PRODUCT_BUNDLE_IDENTIFIER = "com.balazs.DUI-Instant-Attorney";
				PRODUCT_NAME = "$(TARGET_NAME)";
				SWIFT_VERSION = 3.0;
			};
			name = Debug;
		};
		977CE3741EE5EDDC00DC73DC /* Release */ = {
			isa = XCBuildConfiguration;
			buildSettings = {
				ASSETCATALOG_COMPILER_APPICON_NAME = AppIcon;
				INFOPLIST_FILE = "DUI Instant Attorney/Info.plist";
				LD_RUNPATH_SEARCH_PATHS = "$(inherited) @executable_path/Frameworks";
				PRODUCT_BUNDLE_IDENTIFIER = "com.balazs.DUI-Instant-Attorney";
				PRODUCT_NAME = "$(TARGET_NAME)";
				SWIFT_VERSION = 3.0;
			};
			name = Release;
		};
/* End XCBuildConfiguration section */

/* Begin XCConfigurationList section */
		977CE35B1EE5EDDC00DC73DC /* Build configuration list for PBXProject "DUI Instant Attorney" */ = {
			isa = XCConfigurationList;
			buildConfigurations = (
				977CE3701EE5EDDC00DC73DC /* Debug */,
				977CE3711EE5EDDC00DC73DC /* Release */,
			);
			defaultConfigurationIsVisible = 0;
			defaultConfigurationName = Release;
		};
		977CE3721EE5EDDC00DC73DC /* Build configuration list for PBXNativeTarget "DUI Instant Attorney" */ = {
			isa = XCConfigurationList;
			buildConfigurations = (
				977CE3731EE5EDDC00DC73DC /* Debug */,
				977CE3741EE5EDDC00DC73DC /* Release */,
			);
			defaultConfigurationIsVisible = 0;
		};
/* End XCConfigurationList section */
	};
	rootObject = 977CE3581EE5EDDC00DC73DC /* Project object */;
}
